{
  "name": "vs-code-theme",
  "version": "1.0.0",
  "lockfileVersion": 3,
  "requires": true,
  "packages": {
    "": {
      "name": "vs-code-theme",
      "version": "1.0.0",
      "license": "ISC",
      "dependencies": {
        "@mdn/browser-compat-data": "^7.1.8"
      }
    },
    "node_modules/@mdn/browser-compat-data": {
      "version": "7.1.8",
      "resolved": "https://registry.npmjs.org/@mdn/browser-compat-data/-/browser-compat-data-7.1.8.tgz",
      "integrity": "sha512-5ND+azfaE7xtM9vOVzikPu3WtMkCBYvKGY8omIj+zeL+jwuZIJ3g43yuHZvMfmom9wtW6UOB3nNul5oNpMS1kg==",
      "license": "CC0-1.0"
    }
  }
}
